
Microsoft Visual Studio Solution File, Format Version 12.00
# Visual Studio Version 16
VisualStudioVersion = 16.0.31613.86
MinimumVisualStudioVersion = 10.0.40219.1
Project("{FAE04EC0-301F-11D3-BF4B-00C04F79EFBC}") = "Biblioteca", "Biblioteca\Biblioteca.csproj", "{79C87176-B1D6-4119-BCD3-7EAD133FABB1}"
EndProject
Global
	GlobalSection(SolutionConfigurationPlatforms) = preSolution
		Debug|Any CPU = Debug|Any CPU
		Release|Any CPU = Release|Any CPU
	EndGlobalSection
	GlobalSection(ProjectConfigurationPlatforms) = postSolution
		{79C87176-B1D6-4119-BCD3-7EAD133FABB1}.Debug|Any CPU.ActiveCfg = Debug|Any CPU
		{79C87176-B1D6-4119-BCD3-7EAD133FABB1}.Debug|Any CPU.Build.0 = Debug|Any CPU
		{79C87176-B1D6-4119-BCD3-7EAD133FABB1}.Release|Any CPU.ActiveCfg = Release|Any CPU
		{79C87176-B1D6-4119-BCD3-7EAD133FABB1}.Release|Any CPU.Build.0 = Release|Any CPU
	EndGlobalSection
	GlobalSection(SolutionProperties) = preSolution
		HideSolutionNode = FALSE
	EndGlobalSection
	GlobalSection(ExtensibilityGlobals) = postSolution
		SolutionGuid = {54D23E66-8945-4C46-9DBC-75EB96194925}
	EndGlobalSection
EndGlobal
